
Microsoft Visual Studio Solution File, Format Version 12.00
# Visual Studio Version 17
VisualStudioVersion = 17.0.31612.314
MinimumVisualStudioVersion = 10.0.40219.1
Project("{8BC9CEB8-8B4A-11D0-8D11-00A0C91BC942}") = "Lab1C++", "Lab1C++\Lab1C++.vcxproj", "{5CE46B4D-9159-46F8-8A44-A53AF3795A1F}"
EndProject
Project("{888888A0-9F3D-457C-B088-3A5042F75D52}") = "Lab1Py", "Lab1Py\Lab1Py.pyproj", "{9EF031F3-67F5-49BF-A1ED-4E35C7862B83}"
EndProject
Project("{8BC9CEB8-8B4A-11D0-8D11-00A0C91BC942}") = "Lab2C++", "Lab2C++\Lab2C++.vcxproj", "{CCCC1405-EDBC-4D2A-B6BE-8D706ABAAC84}"
EndProject
Project("{888888A0-9F3D-457C-B088-3A5042F75D52}") = "Lab2Py", "Lab2Py\Lab2Py.pyproj", "{C8AE056F-7498-45CE-BA06-232CC2A21349}"
EndProject
Project("{888888A0-9F3D-457C-B088-3A5042F75D52}") = "Lab3Py", "Lab3Py\Lab3Py.pyproj", "{182FFA88-8D8A-4FCC-8DE3-AD6DCE7BC84E}"
EndProject
Project("{8BC9CEB8-8B4A-11D0-8D11-00A0C91BC942}") = "Lab3C++", "Lab3C++\Lab3C++.vcxproj", "{EBE2D561-5280-49AA-BC54-6038B507D7C9}"
EndProject
Project("{8BC9CEB8-8B4A-11D0-8D11-00A0C91BC942}") = "Lab4C++", "Lab4C++\Lab4C++.vcxproj", "{FFD36B41-3B63-4624-BA85-359A05E5AA29}"
EndProject
Project("{888888A0-9F3D-457C-B088-3A5042F75D52}") = "Lab4Py", "Lab4Py\Lab4Py.pyproj", "{8A0DFF8F-BCF6-4C52-8D35-1B8D653416F4}"
EndProject
Project("{888888A0-9F3D-457C-B088-3A5042F75D52}") = "Lab5Py", "Lab5Py\Lab5Py.pyproj", "{B647AB32-0B54-476E-AF5E-5B52AA6E4D76}"
EndProject
Project("{8BC9CEB8-8B4A-11D0-8D11-00A0C91BC942}") = "Lab5C++", "Lab5C++\Lab5C++.vcxproj", "{EC0B3539-AD06-4643-B671-64095C817775}"
EndProject
Project("{8BC9CEB8-8B4A-11D0-8D11-00A0C91BC942}") = "DraftC++", "DraftC++\DraftC++.vcxproj", "{99BC6587-7D95-4AEB-B117-93C0768FCB7C}"
EndProject
Project("{8BC9CEB8-8B4A-11D0-8D11-00A0C91BC942}") = "Lab6C++", "Lab6C++\Lab6C++.vcxproj", "{DA7980D0-12FC-4C55-A6B9-FCFD6AB50247}"
EndProject
Project("{888888A0-9F3D-457C-B088-3A5042F75D52}") = "Lab6Py", "Lab6Py\Lab6Py.pyproj", "{68479625-57EF-4082-B9F7-CFD6355538E1}"
EndProject
Project("{8BC9CEB8-8B4A-11D0-8D11-00A0C91BC942}") = "Lab7C++", "Lab7C++\Lab7C++.vcxproj", "{89ADC69D-F8D4-499B-9250-E2FA74DB41AE}"
EndProject
Project("{8BC9CEB8-8B4A-11D0-8D11-00A0C91BC942}") = "Lab8C++", "Lab8C++\Lab8C++.vcxproj", "{543695E8-57BE-4768-97F3-174948047333}"
EndProject
Global
	GlobalSection(SolutionConfigurationPlatforms) = preSolution
		Debug|Any CPU = Debug|Any CPU
		Debug|x64 = Debug|x64
		Debug|x86 = Debug|x86
		Release|Any CPU = Release|Any CPU
		Release|x64 = Release|x64
		Release|x86 = Release|x86
	EndGlobalSection
	GlobalSection(ProjectConfigurationPlatforms) = postSolution
		{5CE46B4D-9159-46F8-8A44-A53AF3795A1F}.Debug|Any CPU.ActiveCfg = Debug|Win32
		{5CE46B4D-9159-46F8-8A44-A53AF3795A1F}.Debug|x64.ActiveCfg = Debug|x64
		{5CE46B4D-9159-46F8-8A44-A53AF3795A1F}.Debug|x64.Build.0 = Debug|x64
		{5CE46B4D-9159-46F8-8A44-A53AF3795A1F}.Debug|x86.ActiveCfg = Debug|Win32
		{5CE46B4D-9159-46F8-8A44-A53AF3795A1F}.Debug|x86.Build.0 = Debug|Win32
		{5CE46B4D-9159-46F8-8A44-A53AF3795A1F}.Release|Any CPU.ActiveCfg = Release|Win32
		{5CE46B4D-9159-46F8-8A44-A53AF3795A1F}.Release|x64.ActiveCfg = Release|x64
		{5CE46B4D-9159-46F8-8A44-A53AF3795A1F}.Release|x64.Build.0 = Release|x64
		{5CE46B4D-9159-46F8-8A44-A53AF3795A1F}.Release|x86.ActiveCfg = Release|Win32
		{5CE46B4D-9159-46F8-8A44-A53AF3795A1F}.Release|x86.Build.0 = Release|Win32
		{9EF031F3-67F5-49BF-A1ED-4E35C7862B83}.Debug|Any CPU.ActiveCfg = Debug|Any CPU
		{9EF031F3-67F5-49BF-A1ED-4E35C7862B83}.Debug|x64.ActiveCfg = Debug|Any CPU
		{9EF031F3-67F5-49BF-A1ED-4E35C7862B83}.Debug|x86.ActiveCfg = Debug|Any CPU
		{9EF031F3-67F5-49BF-A1ED-4E35C7862B83}.Release|Any CPU.ActiveCfg = Release|Any CPU
		{9EF031F3-67F5-49BF-A1ED-4E35C7862B83}.Release|x64.ActiveCfg = Release|Any CPU
		{9EF031F3-67F5-49BF-A1ED-4E35C7862B83}.Release|x86.ActiveCfg = Release|Any CPU
		{CCCC1405-EDBC-4D2A-B6BE-8D706ABAAC84}.Debug|Any CPU.ActiveCfg = Debug|Win32
		{CCCC1405-EDBC-4D2A-B6BE-8D706ABAAC84}.Debug|x64.ActiveCfg = Debug|x64
		{CCCC1405-EDBC-4D2A-B6BE-8D706ABAAC84}.Debug|x64.Build.0 = Debug|x64
		{CCCC1405-EDBC-4D2A-B6BE-8D706ABAAC84}.Debug|x86.ActiveCfg = Debug|Win32
		{CCCC1405-EDBC-4D2A-B6BE-8D706ABAAC84}.Debug|x86.Build.0 = Debug|Win32
		{CCCC1405-EDBC-4D2A-B6BE-8D706ABAAC84}.Release|Any CPU.ActiveCfg = Release|Win32
		{CCCC1405-EDBC-4D2A-B6BE-8D706ABAAC84}.Release|x64.ActiveCfg = Release|x64
		{CCCC1405-EDBC-4D2A-B6BE-8D706ABAAC84}.Release|x64.Build.0 = Release|x64
		{CCCC1405-EDBC-4D2A-B6BE-8D706ABAAC84}.Release|x86.ActiveCfg = Release|Win32
		{CCCC1405-EDBC-4D2A-B6BE-8D706ABAAC84}.Release|x86.Build.0 = Release|Win32
		{C8AE056F-7498-45CE-BA06-232CC2A21349}.Debug|Any CPU.ActiveCfg = Debug|Any CPU
		{C8AE056F-7498-45CE-BA06-232CC2A21349}.Debug|x64.ActiveCfg = Debug|Any CPU
		{C8AE056F-7498-45CE-BA06-232CC2A21349}.Debug|x86.ActiveCfg = Debug|Any CPU
		{C8AE056F-7498-45CE-BA06-232CC2A21349}.Release|Any CPU.ActiveCfg = Release|Any CPU
		{C8AE056F-7498-45CE-BA06-232CC2A21349}.Release|x64.ActiveCfg = Release|Any CPU
		{C8AE056F-7498-45CE-BA06-232CC2A21349}.Release|x86.ActiveCfg = Release|Any CPU
		{182FFA88-8D8A-4FCC-8DE3-AD6DCE7BC84E}.Debug|Any CPU.ActiveCfg = Debug|Any CPU
		{182FFA88-8D8A-4FCC-8DE3-AD6DCE7BC84E}.Debug|x64.ActiveCfg = Debug|Any CPU
		{182FFA88-8D8A-4FCC-8DE3-AD6DCE7BC84E}.Debug|x86.ActiveCfg = Debug|Any CPU
		{182FFA88-8D8A-4FCC-8DE3-AD6DCE7BC84E}.Release|Any CPU.ActiveCfg = Release|Any CPU
		{182FFA88-8D8A-4FCC-8DE3-AD6DCE7BC84E}.Release|x64.ActiveCfg = Release|Any CPU
		{182FFA88-8D8A-4FCC-8DE3-AD6DCE7BC84E}.Release|x86.ActiveCfg = Release|Any CPU
		{EBE2D561-5280-49AA-BC54-6038B507D7C9}.Debug|Any CPU.ActiveCfg = Debug|Win32
		{EBE2D561-5280-49AA-BC54-6038B507D7C9}.Debug|x64.ActiveCfg = Debug|x64
		{EBE2D561-5280-49AA-BC54-6038B507D7C9}.Debug|x64.Build.0 = Debug|x64
		{EBE2D561-5280-49AA-BC54-6038B507D7C9}.Debug|x86.ActiveCfg = Debug|Win32
		{EBE2D561-5280-49AA-BC54-6038B507D7C9}.Debug|x86.Build.0 = Debug|Win32
		{EBE2D561-5280-49AA-BC54-6038B507D7C9}.Release|Any CPU.ActiveCfg = Release|Win32
		{EBE2D561-5280-49AA-BC54-6038B507D7C9}.Release|x64.ActiveCfg = Release|x64
		{EBE2D561-5280-49AA-BC54-6038B507D7C9}.Release|x64.Build.0 = Release|x64
		{EBE2D561-5280-49AA-BC54-6038B507D7C9}.Release|x86.ActiveCfg = Release|Win32
		{EBE2D561-5280-49AA-BC54-6038B507D7C9}.Release|x86.Build.0 = Release|Win32
		{FFD36B41-3B63-4624-BA85-359A05E5AA29}.Debug|Any CPU.ActiveCfg = Debug|Win32
		{FFD36B41-3B63-4624-BA85-359A05E5AA29}.Debug|x64.ActiveCfg = Debug|x64
		{FFD36B41-3B63-4624-BA85-359A05E5AA29}.Debug|x64.Build.0 = Debug|x64
		{FFD36B41-3B63-4624-BA85-359A05E5AA29}.Debug|x86.ActiveCfg = Debug|Win32
		{FFD36B41-3B63-4624-BA85-359A05E5AA29}.Debug|x86.Build.0 = Debug|Win32
		{FFD36B41-3B63-4624-BA85-359A05E5AA29}.Release|Any CPU.ActiveCfg = Release|Win32
		{FFD36B41-3B63-4624-BA85-359A05E5AA29}.Release|x64.ActiveCfg = Release|x64
		{FFD36B41-3B63-4624-BA85-359A05E5AA29}.Release|x64.Build.0 = Release|x64
		{FFD36B41-3B63-4624-BA85-359A05E5AA29}.Release|x86.ActiveCfg = Release|Win32
		{FFD36B41-3B63-4624-BA85-359A05E5AA29}.Release|x86.Build.0 = Release|Win32
		{8A0DFF8F-BCF6-4C52-8D35-1B8D653416F4}.Debug|Any CPU.ActiveCfg = Debug|Any CPU
		{8A0DFF8F-BCF6-4C52-8D35-1B8D653416F4}.Debug|x64.ActiveCfg = Debug|Any CPU
		{8A0DFF8F-BCF6-4C52-8D35-1B8D653416F4}.Debug|x86.ActiveCfg = Debug|Any CPU
		{8A0DFF8F-BCF6-4C52-8D35-1B8D653416F4}.Release|Any CPU.ActiveCfg = Release|Any CPU
		{8A0DFF8F-BCF6-4C52-8D35-1B8D653416F4}.Release|x64.ActiveCfg = Release|Any CPU
		{8A0DFF8F-BCF6-4C52-8D35-1B8D653416F4}.Release|x86.ActiveCfg = Release|Any CPU
		{B647AB32-0B54-476E-AF5E-5B52AA6E4D76}.Debug|Any CPU.ActiveCfg = Debug|Any CPU
		{B647AB32-0B54-476E-AF5E-5B52AA6E4D76}.Debug|x64.ActiveCfg = Debug|Any CPU
		{B647AB32-0B54-476E-AF5E-5B52AA6E4D76}.Debug|x86.ActiveCfg = Debug|Any CPU
		{B647AB32-0B54-476E-AF5E-5B52AA6E4D76}.Release|Any CPU.ActiveCfg = Release|Any CPU
		{B647AB32-0B54-476E-AF5E-5B52AA6E4D76}.Release|x64.ActiveCfg = Release|Any CPU
		{B647AB32-0B54-476E-AF5E-5B52AA6E4D76}.Release|x86.ActiveCfg = Release|Any CPU
		{EC0B3539-AD06-4643-B671-64095C817775}.Debug|Any CPU.ActiveCfg = Debug|Win32
		{EC0B3539-AD06-4643-B671-64095C817775}.Debug|x64.ActiveCfg = Debug|x64
		{EC0B3539-AD06-4643-B671-64095C817775}.Debug|x64.Build.0 = Debug|x64
		{EC0B3539-AD06-4643-B671-64095C817775}.Debug|x86.ActiveCfg = Debug|Win32
		{EC0B3539-AD06-4643-B671-64095C817775}.Debug|x86.Build.0 = Debug|Win32
		{EC0B3539-AD06-4643-B671-64095C817775}.Release|Any CPU.ActiveCfg = Release|Win32
		{EC0B3539-AD06-4643-B671-64095C817775}.Release|x64.ActiveCfg = Release|x64
		{EC0B3539-AD06-4643-B671-64095C817775}.Release|x64.Build.0 = Release|x64
		{EC0B3539-AD06-4643-B671-64095C817775}.Release|x86.ActiveCfg = Release|Win32
		{EC0B3539-AD06-4643-B671-64095C817775}.Release|x86.Build.0 = Release|Win32
		{99BC6587-7D95-4AEB-B117-93C0768FCB7C}.Debug|Any CPU.ActiveCfg = Debug|Win32
		{99BC6587-7D95-4AEB-B117-93C0768FCB7C}.Debug|x64.ActiveCfg = Debug|x64
		{99BC6587-7D95-4AEB-B117-93C0768FCB7C}.Debug|x64.Build.0 = Debug|x64
		{99BC6587-7D95-4AEB-B117-93C0768FCB7C}.Debug|x86.ActiveCfg = Debug|Win32
		{99BC6587-7D95-4AEB-B117-93C0768FCB7C}.Debug|x86.Build.0 = Debug|Win32
		{99BC6587-7D95-4AEB-B117-93C0768FCB7C}.Release|Any CPU.ActiveCfg = Release|Win32
		{99BC6587-7D95-4AEB-B117-93C0768FCB7C}.Release|x64.ActiveCfg = Release|x64
		{99BC6587-7D95-4AEB-B117-93C0768FCB7C}.Release|x64.Build.0 = Release|x64
		{99BC6587-7D95-4AEB-B117-93C0768FCB7C}.Release|x86.ActiveCfg = Release|Win32
		{99BC6587-7D95-4AEB-B117-93C0768FCB7C}.Release|x86.Build.0 = Release|Win32
		{DA7980D0-12FC-4C55-A6B9-FCFD6AB50247}.Debug|Any CPU.ActiveCfg = Debug|Win32
		{DA7980D0-12FC-4C55-A6B9-FCFD6AB50247}.Debug|x64.ActiveCfg = Debug|x64
		{DA7980D0-12FC-4C55-A6B9-FCFD6AB50247}.Debug|x64.Build.0 = Debug|x64
		{DA7980D0-12FC-4C55-A6B9-FCFD6AB50247}.Debug|x86.ActiveCfg = Debug|Win32
		{DA7980D0-12FC-4C55-A6B9-FCFD6AB50247}.Debug|x86.Build.0 = Debug|Win32
		{DA7980D0-12FC-4C55-A6B9-FCFD6AB50247}.Release|Any CPU.ActiveCfg = Release|Win32
		{DA7980D0-12FC-4C55-A6B9-FCFD6AB50247}.Release|x64.ActiveCfg = Release|x64
		{DA7980D0-12FC-4C55-A6B9-FCFD6AB50247}.Release|x64.Build.0 = Release|x64
		{DA7980D0-12FC-4C55-A6B9-FCFD6AB50247}.Release|x86.ActiveCfg = Release|Win32
		{DA7980D0-12FC-4C55-A6B9-FCFD6AB50247}.Release|x86.Build.0 = Release|Win32
		{68479625-57EF-4082-B9F7-CFD6355538E1}.Debug|Any CPU.ActiveCfg = Debug|Any CPU
		{68479625-57EF-4082-B9F7-CFD6355538E1}.Debug|x64.ActiveCfg = Debug|Any CPU
		{68479625-57EF-4082-B9F7-CFD6355538E1}.Debug|x86.ActiveCfg = Debug|Any CPU
		{68479625-57EF-4082-B9F7-CFD6355538E1}.Release|Any CPU.ActiveCfg = Release|Any CPU
		{68479625-57EF-4082-B9F7-CFD6355538E1}.Release|x64.ActiveCfg = Release|Any CPU
		{68479625-57EF-4082-B9F7-CFD6355538E1}.Release|x86.ActiveCfg = Release|Any CPU
		{89ADC69D-F8D4-499B-9250-E2FA74DB41AE}.Debug|Any CPU.ActiveCfg = Debug|x64
		{89ADC69D-F8D4-499B-9250-E2FA74DB41AE}.Debug|Any CPU.Build.0 = Debug|x64
		{89ADC69D-F8D4-499B-9250-E2FA74DB41AE}.Debug|x64.ActiveCfg = Debug|x64
		{89ADC69D-F8D4-499B-9250-E2FA74DB41AE}.Debug|x64.Build.0 = Debug|x64
		{89ADC69D-F8D4-499B-9250-E2FA74DB41AE}.Debug|x86.ActiveCfg = Debug|Win32
		{89ADC69D-F8D4-499B-9250-E2FA74DB41AE}.Debug|x86.Build.0 = Debug|Win32
		{89ADC69D-F8D4-499B-9250-E2FA74DB41AE}.Release|Any CPU.ActiveCfg = Release|x64
		{89ADC69D-F8D4-499B-9250-E2FA74DB41AE}.Release|Any CPU.Build.0 = Release|x64
		{89ADC69D-F8D4-499B-9250-E2FA74DB41AE}.Release|x64.ActiveCfg = Release|x64
		{89ADC69D-F8D4-499B-9250-E2FA74DB41AE}.Release|x64.Build.0 = Release|x64
		{89ADC69D-F8D4-499B-9250-E2FA74DB41AE}.Release|x86.ActiveCfg = Release|Win32
		{89ADC69D-F8D4-499B-9250-E2FA74DB41AE}.Release|x86.Build.0 = Release|Win32
		{543695E8-57BE-4768-97F3-174948047333}.Debug|Any CPU.ActiveCfg = Debug|x64
		{543695E8-57BE-4768-97F3-174948047333}.Debug|Any CPU.Build.0 = Debug|x64
		{543695E8-57BE-4768-97F3-174948047333}.Debug|x64.ActiveCfg = Debug|x64
		{543695E8-57BE-4768-97F3-174948047333}.Debug|x64.Build.0 = Debug|x64
		{543695E8-57BE-4768-97F3-174948047333}.Debug|x86.ActiveCfg = Debug|Win32
		{543695E8-57BE-4768-97F3-174948047333}.Debug|x86.Build.0 = Debug|Win32
		{543695E8-57BE-4768-97F3-174948047333}.Release|Any CPU.ActiveCfg = Release|x64
		{543695E8-57BE-4768-97F3-174948047333}.Release|Any CPU.Build.0 = Release|x64
		{543695E8-57BE-4768-97F3-174948047333}.Release|x64.ActiveCfg = Release|x64
		{543695E8-57BE-4768-97F3-174948047333}.Release|x64.Build.0 = Release|x64
		{543695E8-57BE-4768-97F3-174948047333}.Release|x86.ActiveCfg = Release|Win32
		{543695E8-57BE-4768-97F3-174948047333}.Release|x86.Build.0 = Release|Win32
	EndGlobalSection
	GlobalSection(SolutionProperties) = preSolution
		HideSolutionNode = FALSE
	EndGlobalSection
	GlobalSection(ExtensibilityGlobals) = postSolution
		SolutionGuid = {6AA3A4F1-C84A-43C7-8FD9-C25C66D0FEF5}
	EndGlobalSection
EndGlobal
